{
  "version": 4,
  "terraform_version": "1.12.2",
  "serial": 8,
  "lineage": "0ae5b017-fdff-2282-487f-f9aba8982b45",
  "outputs": {
    "cluster_arn": {
      "value": "arn:aws:eks:eu-central-1:886511165402:cluster/robot-shop-eks-cluster",
      "type": "string"
    },
    "cluster_certificate_authority_data": {
      "value": "LS0tLS1CRUdJTiBDRVJUSUZJQ0FURS0tLS0tCk1JSURCVENDQWUyZ0F3SUJBZ0lJS3E2MTJzSmo4bzB3RFFZSktvWklodmNOQVFFTEJRQXdGVEVUTUJFR0ExVUUKQXhNS2EzVmlaWEp1WlhSbGN6QWVGdzB5TlRFeU1ETXhNakk1TkRkYUZ3MHpOVEV5TURFeE1qTTBORGRhTUJVeApFekFSQmdOVkJBTVRDbXQxWW1WeWJtVjBaWE13Z2dFaU1BMEdDU3FHU0liM0RRRUJBUVVBQTRJQkR3QXdnZ0VLCkFvSUJBUURSbVZWcEV1ZkRNejRwTUZ1REYveEJwazFxZTIrOWp3TlRDRG1sRDhrQXpyOXU1eGw1OEdQOEFzaTgKY28ybzVYUTl6d0p4RUtZajc3Nlp2SVhWYVU4dE5NUHVOWG1uUEdpNXlnYWRwNVlJRDNxZnJNdksvdUtlKzFIbQpBSHQwdXBpRTdHY0FFTUR5d2NBMjFXaDMxWDY4aXhQVmdybHp2RzdRbjJoQ3FUb1ZqQUY4QkY1eDZzOEpjTGdjCk5LYy9Vem5EVlpwVzFYSEI1akxNd2Fyb1JSTUpUR2RtaVFrV0kxem5JQXMvajE5Z1o3QTQzZjZ4ZHdJRGlCNUUKaWovcENsbmtTOFE5aG9KN0lEZ2JBSi9qWTNub3JONlNpQm84RG9TYVh0bmJUeXlMQTIvQ0tBOWdOTUFFc2RTQgpmUi9wUENyWUhuQm81TllMakQ5Tmt3akwyekNmQWdNQkFBR2pXVEJYTUE0R0ExVWREd0VCL3dRRUF3SUNwREFQCkJnTlZIUk1CQWY4RUJUQURBUUgvTUIwR0ExVWREZ1FXQkJTb3preFJYV2Z5RGxxem1ROHhTVGJadmZqS1RUQVYKQmdOVkhSRUVEakFNZ2dwcmRXSmxjbTVsZEdWek1BMEdDU3FHU0liM0RRRUJDd1VBQTRJQkFRQWFvcmNBTXBxNQpnenVPR2ttMVhURXRFT0lybk5waTlFTnlncEhSZGVDVDdqRk14RlJhdEZGeUNqb2UvMzU3Y1pyQzd5T1NtRi9CCjQyeHVGMVdhZkJ4TWxVQkZvWDVQWUtsMXVyY3prU2FNc1dDV0xrOVBCekx0c0cxWk12L2lvZ0YxZE4wc0F2d2UKM014V3R4dHlNZEd5eWhBYzVmdm9DM3h6T2MzVkdKaFZ1U09LY01QSzZHai9SRVJkQlkvYVFpZHJWL1FHMEVQbAp4MFNaZDJlbjQ0ZEU4MkxIZGxDV1NBRmhnWjlHUEkxYzV1YUJ5Tkl2bjRldTBHZTdlRUZNdy8xbHN0MmVmUFU5Cm4zR2NaT2R0WEpBeUM0cWU1MnQzVWtQQm1kZzI1MVM5Z3V3STZ6K05BRzBmaVZvU1NVZE4vcDNjUEo3R0Z5NzQKOFdsUTNmVzJzODBpCi0tLS0tRU5EIENFUlRJRklDQVRFLS0tLS0K",
      "type": "string"
    },
    "cluster_endpoint": {
      "value": "https://A46C15DBC2EAAF6AB86C58435F166D94.gr7.eu-central-1.eks.amazonaws.com",
      "type": "string"
    },
    "cluster_name": {
      "value": "robot-shop-eks-cluster",
      "type": "string"
    },
    "cluster_security_group_id": {
      "value": "sg-0cc0ca1d80984e8e9",
      "type": "string"
    },
    "cluster_version": {
      "value": "1.28",
      "type": "string"
    },
    "oidc_issuer": {
      "value": "https://oidc.eks.eu-central-1.amazonaws.com/id/A46C15DBC2EAAF6AB86C58435F166D94",
      "type": "string"
    },
    "oidc_provider_arn": {
      "value": "arn:aws:iam::886511165402:oidc-provider/oidc.eks.eu-central-1.amazonaws.com/id/A46C15DBC2EAAF6AB86C58435F166D94",
      "type": "string"
    },
    "oidc_provider_url": {
      "value": "oidc.eks.eu-central-1.amazonaws.com/id/A46C15DBC2EAAF6AB86C58435F166D94",
      "type": "string"
    },
    "private_subnet_ids": {
      "value": [
        "subnet-0795431248436e675",
        "subnet-0ac562ca7caeb09aa"
      ],
      "type": [
        "tuple",
        [
          "string",
          "string"
        ]
      ]
    },
    "public_subnet_ids": {
      "value": [
        "subnet-0e543c1f454f2dad9",
        "subnet-0df05aa9d93206036"
      ],
      "type": [
        "tuple",
        [
          "string",
          "string"
        ]
      ]
    },
    "region": {
      "value": "eu-central-1",
      "type": "string"
    },
    "vpc_id": {
      "value": "vpc-0d4a801a4012c8438",
      "type": "string"
    }
  },
  "resources": [
    {
      "mode": "data",
      "type": "terraform_remote_state",
      "name": "vpc",
      "provider": "provider[\"terraform.io/builtin/terraform\"]",
      "instances": [
        {
          "schema_version": 0,
          "attributes": {
            "backend": "local",
            "config": {
              "value": {
                "path": "../terraform-states/step1-vpc.tfstate"
              },
              "type": [
                "object",
                {
                  "path": "string"
                }
              ]
            },
            "defaults": null,
            "outputs": {
              "value": {
                "availability_zones": [
                  "eu-central-1a",
                  "eu-central-1b"
                ],
                "cluster_name": "robot-shop-eks-cluster",
                "internet_gateway_id": "igw-0a19c68d06bcb6826",
                "nat_gateway_ids": [
                  "nat-07f44e4667fa363b1",
                  "nat-0040300a87f7482d6"
                ],
                "private_subnet_cidrs": [
                  "10.0.10.0/24",
                  "10.0.20.0/24"
                ],
                "private_subnet_ids": [
                  "subnet-0795431248436e675",
                  "subnet-0ac562ca7caeb09aa"
                ],
                "public_subnet_cidrs": [
                  "10.0.1.0/24",
                  "10.0.2.0/24"
                ],
                "public_subnet_ids": [
                  "subnet-0e543c1f454f2dad9",
                  "subnet-0df05aa9d93206036"
                ],
                "region": "eu-central-1",
                "vpc_cidr": "10.0.0.0/16",
                "vpc_id": "vpc-0d4a801a4012c8438"
              },
              "type": [
                "object",
                {
                  "availability_zones": [
                    "list",
                    "string"
                  ],
                  "cluster_name": "string",
                  "internet_gateway_id": "string",
                  "nat_gateway_ids": [
                    "tuple",
                    [
                      "string",
                      "string"
                    ]
                  ],
                  "private_subnet_cidrs": [
                    "tuple",
                    [
                      "string",
                      "string"
                    ]
                  ],
                  "private_subnet_ids": [
                    "tuple",
                    [
                      "string",
                      "string"
                    ]
                  ],
                  "public_subnet_cidrs": [
                    "tuple",
                    [
                      "string",
                      "string"
                    ]
                  ],
                  "public_subnet_ids": [
                    "tuple",
                    [
                      "string",
                      "string"
                    ]
                  ],
                  "region": "string",
                  "vpc_cidr": "string",
                  "vpc_id": "string"
                }
              ]
            },
            "workspace": null
          },
          "sensitive_attributes": [],
          "identity_schema_version": 0
        }
      ]
    },
    {
      "mode": "data",
      "type": "tls_certificate",
      "name": "eks",
      "provider": "provider[\"registry.terraform.io/hashicorp/tls\"]",
      "instances": [
        {
          "schema_version": 0,
          "attributes": {
            "certificates": [
              {
                "cert_pem": "-----BEGIN CERTIFICATE-----\nMIIEkjCCA3qgAwIBAgITBn+USionzfP6wq4rAfkI7rnExjANBgkqhkiG9w0BAQsF\nADCBmDELMAkGA1UEBhMCVVMxEDAOBgNVBAgTB0FyaXpvbmExEzARBgNVBAcTClNj\nb3R0c2RhbGUxJTAjBgNVBAoTHFN0YXJmaWVsZCBUZWNobm9sb2dpZXMsIEluYy4x\nOzA5BgNVBAMTMlN0YXJmaWVsZCBTZXJ2aWNlcyBSb290IENlcnRpZmljYXRlIEF1\ndGhvcml0eSAtIEcyMB4XDTE1MDUyNTEyMDAwMFoXDTM3MTIzMTAxMDAwMFowOTEL\nMAkGA1UEBhMCVVMxDzANBgNVBAoTBkFtYXpvbjEZMBcGA1UEAxMQQW1hem9uIFJv\nb3QgQ0EgMTCCASIwDQYJKoZIhvcNAQEBBQADggEPADCCAQoCggEBALJ4gHHKeNXj\nca9HgFB0fW7Y14h29Jlo91ghYPl0hAEvrAIthtOgQ3pOsqTQNroBvo3bSMgHFzZM\n9O6II8c+6zf1tRn4SWiw3te5djgdYZ6k/oI2peVKVuRF4fn9tBb6dNqcmzU5L/qw\nIFAGbHrQgLKm+a/sRxmPUDgH3KKHOVj4utWp+UhnMJbulHheb4mjUcAwhmahRWa6\nVOujw5H5SNz/0egwLX0tdHA114gk957EWW67c4cX8jJGKLhD+rcdqsq08p8kDi1L\n93FcXmn/6pUCyziKrlA4b9v7LWIbxcceVOF34GfID5yHI9Y/QCB/IIDEgEw+OyQm\njgSubJrIqg0CAwEAAaOCATEwggEtMA8GA1UdEwEB/wQFMAMBAf8wDgYDVR0PAQH/\nBAQDAgGGMB0GA1UdDgQWBBSEGMyFNOy8DJSULghZnMeyEE4KCDAfBgNVHSMEGDAW\ngBScXwDfqgHXMCs4iKK4bUqc8hGRgzB4BggrBgEFBQcBAQRsMGowLgYIKwYBBQUH\nMAGGImh0dHA6Ly9vY3NwLnJvb3RnMi5hbWF6b250cnVzdC5jb20wOAYIKwYBBQUH\nMAKGLGh0dHA6Ly9jcnQucm9vdGcyLmFtYXpvbnRydXN0LmNvbS9yb290ZzIuY2Vy\nMD0GA1UdHwQ2MDQwMqAwoC6GLGh0dHA6Ly9jcmwucm9vdGcyLmFtYXpvbnRydXN0\nLmNvbS9yb290ZzIuY3JsMBEGA1UdIAQKMAgwBgYEVR0gADANBgkqhkiG9w0BAQsF\nAAOCAQEAYjdCXLwQtT6LLOkMm2xF4gcAevnFWAu5CIw+7bMlPLVvUOTNNWqnkzSW\nMiGpSESrnO09tKpzbeR/FoCJbM8oAxiDR3mjEH4wW6w7sGDgd9QIpuEdfF7Au/ma\neyKdpwAJfqxGF4PcnCZXmTA5YpaP7dreqsXMGz7KQ2hsVxa81Q4gLv7/wmpdLqBK\nbRRYh5TmOTFffHPLkIhqhBGWJ6bt2YFGpn6jcgAKUj6DiAdjd4lpFw85hdKrCEVN\n0FE6/V1dN2RMfjCyVSRCnTawXZwXgWHxyvkQAiSr6w10kY17RSlQOYiypok1JR4U\nakcjMS9cmvqtmg5iUaQqqcT5NJ0hGA==\n-----END CERTIFICATE-----\n",
                "is_ca": true,
                "issuer": "CN=Starfield Services Root Certificate Authority - G2,O=Starfield Technologies\\, Inc.,L=Scottsdale,ST=Arizona,C=US",
                "not_after": "2037-12-31T01:00:00Z",
                "not_before": "2015-05-25T12:00:00Z",
                "public_key_algorithm": "RSA",
                "serial_number": "144918191876577076464031512351042010504348870",
                "sha1_fingerprint": "06b25927c42a721631c1efd9431e648fa62e1e39",
                "signature_algorithm": "SHA256-RSA",
                "subject": "CN=Amazon Root CA 1,O=Amazon,C=US",
                "version": 3
              },
              {
                "cert_pem": "-----BEGIN CERTIFICATE-----\nMIIEXjCCA0agAwIBAgITB3MSTNQG0mfAmRzdKZqfODF5hTANBgkqhkiG9w0BAQsF\nADA5MQswCQYDVQQGEwJVUzEPMA0GA1UEChMGQW1hem9uMRkwFwYDVQQDExBBbWF6\nb24gUm9vdCBDQSAxMB4XDTIyMDgyMzIyMjYwNFoXDTMwMDgyMzIyMjYwNFowPDEL\nMAkGA1UEBhMCVVMxDzANBgNVBAoTBkFtYXpvbjEcMBoGA1UEAxMTQW1hem9uIFJT\nQSAyMDQ4IE0wMzCCASIwDQYJKoZIhvcNAQEBBQADggEPADCCAQoCggEBALd/pVko\n8vuM475Tf45HV3BbCl/B9Jy89G1CRkFjcPY06WA9lS+7dWbUA7GtWUKoksr69hKM\nwcMsNpxlw7b3jeXFgxB09/nmalcAWtnLzF+LaDKEA5DQmvKzuh1nfIfqEiKCQSmX\nXh09Xs+dO7cm5qbaL2hhNJCSAejciwcvOFgFNgEMR42wm6KIFHsQW28jhA+1u/M0\np6fVwReuEgZfLfdx82Px0LJck3lST3EB/JfbdsdOzzzg5YkY1dfuqf8y5fUeZ7Cz\nWXbTjujwX/TovmeWKA36VLCz75azW6tDNuDn66FOpADZZ9omVaF6BqNJiLMVl6P3\n/c0OiUMC6Z5OfKcCAwEAAaOCAVowggFWMBIGA1UdEwEB/wQIMAYBAf8CAQAwDgYD\nVR0PAQH/BAQDAgGGMB0GA1UdJQQWMBQGCCsGAQUFBwMBBggrBgEFBQcDAjAdBgNV\nHQ4EFgQUVdkYX9IczAHhWLS+q9lVQgHXLgIwHwYDVR0jBBgwFoAUhBjMhTTsvAyU\nlC4IWZzHshBOCggwewYIKwYBBQUHAQEEbzBtMC8GCCsGAQUFBzABhiNodHRwOi8v\nb2NzcC5yb290Y2ExLmFtYXpvbnRydXN0LmNvbTA6BggrBgEFBQcwAoYuaHR0cDov\nL2NydC5yb290Y2ExLmFtYXpvbnRydXN0LmNvbS9yb290Y2ExLmNlcjA/BgNVHR8E\nODA2MDSgMqAwhi5odHRwOi8vY3JsLnJvb3RjYTEuYW1hem9udHJ1c3QuY29tL3Jv\nb3RjYTEuY3JsMBMGA1UdIAQMMAowCAYGZ4EMAQIBMA0GCSqGSIb3DQEBCwUAA4IB\nAQAGjeWm2cC+3z2MzSCnte46/7JZvj3iQZDY7EvODNdZF41n71Lrk9kbfNwerK0d\nVNzW36Wefr7j7ZSwBVg50W5ay65jNSN74TTQV1yt4WnSbVvN6KlMs1hiyOZdoHKs\nKDV2UGNxbdoBYCQNa2GYF8FQIWLugNp35aSOpMy6cFlymFQomIrnOQHwK1nvVY4q\nxDSJMU/gNJz17D8ArPN3ngnyZ2TwepJ0uBINz3G5te2rdFUF4i4Y3Bb7FUlHDYm4\nu8aIRGpk2ZpfXmxaoxnbIBZRvGLPSUuPwnwoUOMsJ8jirI5vs2dvchPb7MtI1rle\ni02f2ivH2vxkjDLltSpe2fiC\n-----END CERTIFICATE-----\n",
                "is_ca": true,
                "issuer": "CN=Amazon Root CA 1,O=Amazon,C=US",
                "not_after": "2030-08-23T22:26:04Z",
                "not_before": "2022-08-23T22:26:04Z",
                "public_key_algorithm": "RSA",
                "serial_number": "166129356476704345391986644047206454194698629",
                "sha1_fingerprint": "d9fe0a65fa00cabf61f5120d373a8135e1461f15",
                "signature_algorithm": "SHA256-RSA",
                "subject": "CN=Amazon RSA 2048 M03,O=Amazon,C=US",
                "version": 3
              },
              {
                "cert_pem": "-----BEGIN CERTIFICATE-----\nMIIF6zCCBNOgAwIBAgIQC4hEi7pJ3+PGBwfnYdVdtjANBgkqhkiG9w0BAQsFADA8\nMQswCQYDVQQGEwJVUzEPMA0GA1UEChMGQW1hem9uMRwwGgYDVQQDExNBbWF6b24g\nUlNBIDIwNDggTTAzMB4XDTI1MDIyNjAwMDAwMFoXDTI2MDMyODIzNTk1OVowKzEp\nMCcGA1UEAwwgKi5la3MuZXUtY2VudHJhbC0xLmFtYXpvbmF3cy5jb20wggEiMA0G\nCSqGSIb3DQEBAQUAA4IBDwAwggEKAoIBAQC8puZUGMtG9NupSlPRt3lJH/6LUZkA\nna0255m0jGkEEEasY5c3Y9y/5wn11wU1h9QNNOC9KoOhHRsIr4ElOp5fQl1aEZmx\nd29ecm27kLwomsvBvYiNBT1fPVvcLJ63h0jYpe2id0XBlBKPmgA2gmFrmejgwhvn\n5P+jETAB4Matc9OreyTIi1Ka/B79rw5Xl+ktuPfjGkf5rIrAEij58j8Th3hxC1JC\np4ItbIUXB4D9+xu/WGkkBf09oMW2Gtn1BA3K6gPBD+4x7kYkSCIaHPYNybXu2VaD\nVzAIMNLQDqV6ZstzwT5EosGka1MlUDqglgauT7uO7J471DLBCU37Oy1zAgMBAAGj\nggL4MIIC9DAfBgNVHSMEGDAWgBRV2Rhf0hzMAeFYtL6r2VVCAdcuAjAdBgNVHQ4E\nFgQU3e7kV+q/ZIOdeba4p0AY4fLWbDEwKwYDVR0RBCQwIoIgKi5la3MuZXUtY2Vu\ndHJhbC0xLmFtYXpvbmF3cy5jb20wEwYDVR0gBAwwCjAIBgZngQwBAgEwDgYDVR0P\nAQH/BAQDAgWgMB0GA1UdJQQWMBQGCCsGAQUFBwMBBggrBgEFBQcDAjA7BgNVHR8E\nNDAyMDCgLqAshipodHRwOi8vY3JsLnIybTAzLmFtYXpvbnRydXN0LmNvbS9yMm0w\nMy5jcmwwdQYIKwYBBQUHAQEEaTBnMC0GCCsGAQUFBzABhiFodHRwOi8vb2NzcC5y\nMm0wMy5hbWF6b250cnVzdC5jb20wNgYIKwYBBQUHMAKGKmh0dHA6Ly9jcnQucjJt\nMDMuYW1hem9udHJ1c3QuY29tL3IybTAzLmNlcjAMBgNVHRMBAf8EAjAAMIIBfQYK\nKwYBBAHWeQIEAgSCAW0EggFpAWcAdgCWl2S/VViXrfdDh2g3CEJ36fA61fak8zZu\nRqQ/D8qpxgAAAZU/pyUOAAAEAwBHMEUCIQCNGYIB9FphlXfLsCVhQa/nNyVA/OdF\nRAGBY1lYwOesgQIgSxIRDYVexFOcPgi5z+hd4vJ0msxgtzn1r8r0GuIgb+UAdgBk\nEcRspBLsp4kcogIuALyrTygH1B41J6vq/tUDyX3N8AAAAZU/pyUSAAAEAwBHMEUC\nICjGzP3jERdiAZx7Y/+lBeGcMETjSt4wPuxC+VwI7b0lAiEAqM0tpbUmGJ9na6SZ\nWOyoCOPCI+kdhNnAw/Q/Sz5tMs4AdQBJnJtp3h187Pw23s2HZKa4W68Kh4AZ0VVS\n++nrKd34wwAAAZU/pyUoAAAEAwBGMEQCIHxndNIoIP6XqwGW2Rbxv/u6Yf92X/Ri\nDTsMsAB0en88AiB0S+seC5AF4ZbNRgblgu6rqYc1oPH8VDEgP4ji6M4NFzANBgkq\nhkiG9w0BAQsFAAOCAQEAVIDr+wgnND9P7BO6f8X6bcNZ6GoCp+Rsj47shArfCRgF\np50/8kK5KeMVnXKeEy0LJ/9D3/oHWV2TGLa9lsoCwG06hwUpXXtG3lW1HEGUOgiM\nCCsPxK8/MX8fseEfBwu+Yy/2JYRYwrybKe/aTs1DSs60tOQO5qQj1nvT1f2sMnSC\nAwIYWSGmkCzftcwPDcdVcGU3wS6tDBLVQIZwUPbfA52m7WullmKGbrDjGn5Cy7iW\nelyfkmEJcEAYW4ctx/jrV49P7tq+14HAVZqbnrd0s0wUKnq0kKMztNN96Ce9TNS2\nEKPavd8oe0ZM/cBQR1tVjNi5R1af9reYYUHKYSv01g==\n-----END CERTIFICATE-----\n",
                "is_ca": false,
                "issuer": "CN=Amazon RSA 2048 M03,O=Amazon,C=US",
                "not_after": "2026-03-28T23:59:59Z",
                "not_before": "2025-02-26T00:00:00Z",
                "public_key_algorithm": "RSA",
                "serial_number": "15329050600615969656761797089774886326",
                "sha1_fingerprint": "c3c07e30211ff224dc6db2086d7bbaa42929a81e",
                "signature_algorithm": "SHA256-RSA",
                "subject": "CN=*.eks.eu-central-1.amazonaws.com",
                "version": 3
              }
            ],
            "content": null,
            "id": "efc5619605e4300447be4c860675ff76c35033c7",
            "url": "https://oidc.eks.eu-central-1.amazonaws.com/id/A46C15DBC2EAAF6AB86C58435F166D94",
            "verify_chain": true
          },
          "sensitive_attributes": [],
          "identity_schema_version": 0
        }
      ]
    },
    {
      "mode": "managed",
      "type": "aws_eks_cluster",
      "name": "main",
      "provider": "provider[\"registry.terraform.io/hashicorp/aws\"]",
      "instances": [
        {
          "schema_version": 1,
          "attributes": {
            "access_config": [
              {
                "authentication_mode": "CONFIG_MAP",
                "bootstrap_cluster_creator_admin_permissions": true
              }
            ],
            "arn": "arn:aws:eks:eu-central-1:886511165402:cluster/robot-shop-eks-cluster",
            "bootstrap_self_managed_addons": true,
            "certificate_authority": [
              {
                "data": "LS0tLS1CRUdJTiBDRVJUSUZJQ0FURS0tLS0tCk1JSURCVENDQWUyZ0F3SUJBZ0lJS3E2MTJzSmo4bzB3RFFZSktvWklodmNOQVFFTEJRQXdGVEVUTUJFR0ExVUUKQXhNS2EzVmlaWEp1WlhSbGN6QWVGdzB5TlRFeU1ETXhNakk1TkRkYUZ3MHpOVEV5TURFeE1qTTBORGRhTUJVeApFekFSQmdOVkJBTVRDbXQxWW1WeWJtVjBaWE13Z2dFaU1BMEdDU3FHU0liM0RRRUJBUVVBQTRJQkR3QXdnZ0VLCkFvSUJBUURSbVZWcEV1ZkRNejRwTUZ1REYveEJwazFxZTIrOWp3TlRDRG1sRDhrQXpyOXU1eGw1OEdQOEFzaTgKY28ybzVYUTl6d0p4RUtZajc3Nlp2SVhWYVU4dE5NUHVOWG1uUEdpNXlnYWRwNVlJRDNxZnJNdksvdUtlKzFIbQpBSHQwdXBpRTdHY0FFTUR5d2NBMjFXaDMxWDY4aXhQVmdybHp2RzdRbjJoQ3FUb1ZqQUY4QkY1eDZzOEpjTGdjCk5LYy9Vem5EVlpwVzFYSEI1akxNd2Fyb1JSTUpUR2RtaVFrV0kxem5JQXMvajE5Z1o3QTQzZjZ4ZHdJRGlCNUUKaWovcENsbmtTOFE5aG9KN0lEZ2JBSi9qWTNub3JONlNpQm84RG9TYVh0bmJUeXlMQTIvQ0tBOWdOTUFFc2RTQgpmUi9wUENyWUhuQm81TllMakQ5Tmt3akwyekNmQWdNQkFBR2pXVEJYTUE0R0ExVWREd0VCL3dRRUF3SUNwREFQCkJnTlZIUk1CQWY4RUJUQURBUUgvTUIwR0ExVWREZ1FXQkJTb3preFJYV2Z5RGxxem1ROHhTVGJadmZqS1RUQVYKQmdOVkhSRUVEakFNZ2dwcmRXSmxjbTVsZEdWek1BMEdDU3FHU0liM0RRRUJDd1VBQTRJQkFRQWFvcmNBTXBxNQpnenVPR2ttMVhURXRFT0lybk5waTlFTnlncEhSZGVDVDdqRk14RlJhdEZGeUNqb2UvMzU3Y1pyQzd5T1NtRi9CCjQyeHVGMVdhZkJ4TWxVQkZvWDVQWUtsMXVyY3prU2FNc1dDV0xrOVBCekx0c0cxWk12L2lvZ0YxZE4wc0F2d2UKM014V3R4dHlNZEd5eWhBYzVmdm9DM3h6T2MzVkdKaFZ1U09LY01QSzZHai9SRVJkQlkvYVFpZHJWL1FHMEVQbAp4MFNaZDJlbjQ0ZEU4MkxIZGxDV1NBRmhnWjlHUEkxYzV1YUJ5Tkl2bjRldTBHZTdlRUZNdy8xbHN0MmVmUFU5Cm4zR2NaT2R0WEpBeUM0cWU1MnQzVWtQQm1kZzI1MVM5Z3V3STZ6K05BRzBmaVZvU1NVZE4vcDNjUEo3R0Z5NzQKOFdsUTNmVzJzODBpCi0tLS0tRU5EIENFUlRJRklDQVRFLS0tLS0K"
              }
            ],
            "cluster_id": null,
            "compute_config": [],
            "created_at": "2025-12-03T12:28:56Z",
            "enabled_cluster_log_types": [
              "api",
              "audit",
              "authenticator",
              "controllerManager",
              "scheduler"
            ],
            "encryption_config": [],
            "endpoint": "https://A46C15DBC2EAAF6AB86C58435F166D94.gr7.eu-central-1.eks.amazonaws.com",
            "force_update_version": null,
            "id": "robot-shop-eks-cluster",
            "identity": [
              {
                "oidc": [
                  {
                    "issuer": "https://oidc.eks.eu-central-1.amazonaws.com/id/A46C15DBC2EAAF6AB86C58435F166D94"
                  }
                ]
              }
            ],
            "kubernetes_network_config": [
              {
                "elastic_load_balancing": [
                  {
                    "enabled": false
                  }
                ],
                "ip_family": "ipv4",
                "service_ipv4_cidr": "172.20.0.0/16",
                "service_ipv6_cidr": ""
              }
            ],
            "name": "robot-shop-eks-cluster",
            "outpost_config": [],
            "platform_version": "eks.63",
            "remote_network_config": [],
            "role_arn": "arn:aws:iam::886511165402:role/robot-shop-eks-cluster-cluster-role",
            "status": "ACTIVE",
            "storage_config": [],
            "tags": {
              "Environment": "Development",
              "ManagedBy": "Terraform",
              "Project": "Robot-Shop-EKS"
            },
            "tags_all": {
              "Environment": "Development",
              "ManagedBy": "Terraform",
              "Owner": "DevOps-Team",
              "Project": "Robot-Shop-EKS"
            },
            "timeouts": null,
            "upgrade_policy": [
              {
                "support_type": "EXTENDED"
              }
            ],
            "version": "1.28",
            "vpc_config": [
              {
                "cluster_security_group_id": "sg-0c229fb97b3c81c0c",
                "endpoint_private_access": true,
                "endpoint_public_access": true,
                "public_access_cidrs": [
                  "0.0.0.0/0"
                ],
                "security_group_ids": [
                  "sg-0cc0ca1d80984e8e9"
                ],
                "subnet_ids": [
                  "subnet-0795431248436e675",
                  "subnet-0ac562ca7caeb09aa",
                  "subnet-0df05aa9d93206036",
                  "subnet-0e543c1f454f2dad9"
                ],
                "vpc_id": "vpc-0d4a801a4012c8438"
              }
            ],
            "zonal_shift_config": []
          },
          "sensitive_attributes": [],
          "identity_schema_version": 0,
          "private": "eyJlMmJmYjczMC1lY2FhLTExZTYtOGY4OC0zNDM2M2JjN2M0YzAiOnsiY3JlYXRlIjoxODAwMDAwMDAwMDAwLCJkZWxldGUiOjkwMDAwMDAwMDAwMCwidXBkYXRlIjozNjAwMDAwMDAwMDAwfSwic2NoZW1hX3ZlcnNpb24iOiIxIn0=",
          "dependencies": [
            "aws_iam_role.eks_cluster",
            "aws_iam_role_policy_attachment.eks_cluster_policy",
            "aws_iam_role_policy_attachment.eks_vpc_resource_controller",
            "aws_security_group.eks_cluster",
            "data.terraform_remote_state.vpc"
          ]
        }
      ]
    },
    {
      "mode": "managed",
      "type": "aws_iam_openid_connect_provider",
      "name": "eks",
      "provider": "provider[\"registry.terraform.io/hashicorp/aws\"]",
      "instances": [
        {
          "schema_version": 0,
          "attributes": {
            "arn": "arn:aws:iam::886511165402:oidc-provider/oidc.eks.eu-central-1.amazonaws.com/id/A46C15DBC2EAAF6AB86C58435F166D94",
            "client_id_list": [
              "sts.amazonaws.com"
            ],
            "id": "arn:aws:iam::886511165402:oidc-provider/oidc.eks.eu-central-1.amazonaws.com/id/A46C15DBC2EAAF6AB86C58435F166D94",
            "tags": {
              "Environment": "Development",
              "ManagedBy": "Terraform",
              "Project": "Robot-Shop-EKS"
            },
            "tags_all": {
              "Environment": "Development",
              "ManagedBy": "Terraform",
              "Owner": "DevOps-Team",
              "Project": "Robot-Shop-EKS"
            },
            "thumbprint_list": [
              "06b25927c42a721631c1efd9431e648fa62e1e39"
            ],
            "url": "oidc.eks.eu-central-1.amazonaws.com/id/A46C15DBC2EAAF6AB86C58435F166D94"
          },
          "sensitive_attributes": [],
          "identity_schema_version": 0,
          "private": "bnVsbA==",
          "dependencies": [
            "aws_eks_cluster.main",
            "aws_iam_role.eks_cluster",
            "aws_iam_role_policy_attachment.eks_cluster_policy",
            "aws_iam_role_policy_attachment.eks_vpc_resource_controller",
            "aws_security_group.eks_cluster",
            "data.terraform_remote_state.vpc",
            "data.tls_certificate.eks"
          ]
        }
      ]
    },
    {
      "mode": "managed",
      "type": "aws_iam_role",
      "name": "eks_cluster",
      "provider": "provider[\"registry.terraform.io/hashicorp/aws\"]",
      "instances": [
        {
          "schema_version": 0,
          "attributes": {
            "arn": "arn:aws:iam::886511165402:role/robot-shop-eks-cluster-cluster-role",
            "assume_role_policy": "{\"Statement\":[{\"Action\":\"sts:AssumeRole\",\"Effect\":\"Allow\",\"Principal\":{\"Service\":\"eks.amazonaws.com\"}}],\"Version\":\"2012-10-17\"}",
            "create_date": "2025-12-03T12:28:48Z",
            "description": "",
            "force_detach_policies": false,
            "id": "robot-shop-eks-cluster-cluster-role",
            "inline_policy": [],
            "managed_policy_arns": [],
            "max_session_duration": 3600,
            "name": "robot-shop-eks-cluster-cluster-role",
            "name_prefix": "",
            "path": "/",
            "permissions_boundary": "",
            "tags": {
              "Environment": "Development",
              "ManagedBy": "Terraform",
              "Project": "Robot-Shop-EKS"
            },
            "tags_all": {
              "Environment": "Development",
              "ManagedBy": "Terraform",
              "Owner": "DevOps-Team",
              "Project": "Robot-Shop-EKS"
            },
            "unique_id": "AROA442BO37NJ3UY3WHO6"
          },
          "sensitive_attributes": [],
          "identity_schema_version": 0,
          "private": "bnVsbA==",
          "dependencies": [
            "data.terraform_remote_state.vpc"
          ]
        }
      ]
    },
    {
      "mode": "managed",
      "type": "aws_iam_role_policy_attachment",
      "name": "eks_cluster_policy",
      "provider": "provider[\"registry.terraform.io/hashicorp/aws\"]",
      "instances": [
        {
          "schema_version": 0,
          "attributes": {
            "id": "robot-shop-eks-cluster-cluster-role-20251203122851539800000002",
            "policy_arn": "arn:aws:iam::aws:policy/AmazonEKSClusterPolicy",
            "role": "robot-shop-eks-cluster-cluster-role"
          },
          "sensitive_attributes": [],
          "identity_schema_version": 0,
          "private": "bnVsbA==",
          "dependencies": [
            "aws_iam_role.eks_cluster",
            "data.terraform_remote_state.vpc"
          ]
        }
      ]
    },
    {
      "mode": "managed",
      "type": "aws_iam_role_policy_attachment",
      "name": "eks_vpc_resource_controller",
      "provider": "provider[\"registry.terraform.io/hashicorp/aws\"]",
      "instances": [
        {
          "schema_version": 0,
          "attributes": {
            "id": "robot-shop-eks-cluster-cluster-role-20251203122850977700000001",
            "policy_arn": "arn:aws:iam::aws:policy/AmazonEKSVPCResourceController",
            "role": "robot-shop-eks-cluster-cluster-role"
          },
          "sensitive_attributes": [],
          "identity_schema_version": 0,
          "private": "bnVsbA==",
          "dependencies": [
            "aws_iam_role.eks_cluster",
            "data.terraform_remote_state.vpc"
          ]
        }
      ]
    },
    {
      "mode": "managed",
      "type": "aws_security_group",
      "name": "eks_cluster",
      "provider": "provider[\"registry.terraform.io/hashicorp/aws\"]",
      "instances": [
        {
          "schema_version": 1,
          "attributes": {
            "arn": "arn:aws:ec2:eu-central-1:886511165402:security-group/sg-0cc0ca1d80984e8e9",
            "description": "Security group for EKS cluster control plane",
            "egress": [
              {
                "cidr_blocks": [
                  "0.0.0.0/0"
                ],
                "description": "Allow all outbound traffic",
                "from_port": 0,
                "ipv6_cidr_blocks": [],
                "prefix_list_ids": [],
                "protocol": "-1",
                "security_groups": [],
                "self": false,
                "to_port": 0
              }
            ],
            "id": "sg-0cc0ca1d80984e8e9",
            "ingress": [],
            "name": "robot-shop-eks-cluster-cluster-sg",
            "name_prefix": "",
            "owner_id": "886511165402",
            "revoke_rules_on_delete": false,
            "tags": {
              "Environment": "Development",
              "ManagedBy": "Terraform",
              "Name": "robot-shop-eks-cluster-cluster-sg",
              "Project": "Robot-Shop-EKS"
            },
            "tags_all": {
              "Environment": "Development",
              "ManagedBy": "Terraform",
              "Name": "robot-shop-eks-cluster-cluster-sg",
              "Owner": "DevOps-Team",
              "Project": "Robot-Shop-EKS"
            },
            "timeouts": null,
            "vpc_id": "vpc-0d4a801a4012c8438"
          },
          "sensitive_attributes": [],
          "identity_schema_version": 0,
          "private": "eyJlMmJmYjczMC1lY2FhLTExZTYtOGY4OC0zNDM2M2JjN2M0YzAiOnsiY3JlYXRlIjo2MDAwMDAwMDAwMDAsImRlbGV0ZSI6OTAwMDAwMDAwMDAwfSwic2NoZW1hX3ZlcnNpb24iOiIxIn0=",
          "dependencies": [
            "data.terraform_remote_state.vpc"
          ]
        }
      ]
    }
  ],
  "check_results": null
}
