{
  "version": 4,
  "terraform_version": "1.12.2",
  "serial": 6,
  "lineage": "fad54e4c-93cb-a96e-9ba6-8af9279d7c38",
  "outputs": {
    "cluster_endpoint": {
      "value": "https://A46C15DBC2EAAF6AB86C58435F166D94.gr7.eu-central-1.eks.amazonaws.com",
      "type": "string"
    },
    "cluster_name": {
      "value": "robot-shop-eks-cluster",
      "type": "string"
    },
    "ebs_csi_addon_version": {
      "value": "v1.53.0-eksbuild.1",
      "type": "string"
    },
    "ebs_csi_driver_role_arn": {
      "value": "arn:aws:iam::886511165402:role/robot-shop-eks-cluster-ebs-csi-driver-role",
      "type": "string"
    },
    "region": {
      "value": "eu-central-1",
      "type": "string"
    },
    "storage_class_name": {
      "value": "gp3",
      "type": "string"
    }
  },
  "resources": [
    {
      "mode": "data",
      "type": "aws_caller_identity",
      "name": "current",
      "provider": "provider[\"registry.terraform.io/hashicorp/aws\"]",
      "instances": [
        {
          "schema_version": 0,
          "attributes": {
            "account_id": "886511165402",
            "arn": "arn:aws:iam::886511165402:root",
            "id": "886511165402",
            "user_id": "886511165402"
          },
          "sensitive_attributes": [],
          "identity_schema_version": 0
        }
      ]
    },
    {
      "mode": "data",
      "type": "aws_iam_policy_document",
      "name": "ebs_csi_assume_role",
      "provider": "provider[\"registry.terraform.io/hashicorp/aws\"]",
      "instances": [
        {
          "schema_version": 0,
          "attributes": {
            "id": "1323448378",
            "json": "{\n  \"Version\": \"2012-10-17\",\n  \"Statement\": [\n    {\n      \"Effect\": \"Allow\",\n      \"Action\": \"sts:AssumeRoleWithWebIdentity\",\n      \"Principal\": {\n        \"Federated\": \"arn:aws:iam::886511165402:oidc-provider/oidc.eks.eu-central-1.amazonaws.com/id/A46C15DBC2EAAF6AB86C58435F166D94\"\n      },\n      \"Condition\": {\n        \"StringEquals\": {\n          \"oidc.eks.eu-central-1.amazonaws.com/id/A46C15DBC2EAAF6AB86C58435F166D94:aud\": \"sts.amazonaws.com\",\n          \"oidc.eks.eu-central-1.amazonaws.com/id/A46C15DBC2EAAF6AB86C58435F166D94:sub\": \"system:serviceaccount:kube-system:ebs-csi-controller-sa\"\n        }\n      }\n    }\n  ]\n}",
            "minified_json": "{\"Version\":\"2012-10-17\",\"Statement\":[{\"Effect\":\"Allow\",\"Action\":\"sts:AssumeRoleWithWebIdentity\",\"Principal\":{\"Federated\":\"arn:aws:iam::886511165402:oidc-provider/oidc.eks.eu-central-1.amazonaws.com/id/A46C15DBC2EAAF6AB86C58435F166D94\"},\"Condition\":{\"StringEquals\":{\"oidc.eks.eu-central-1.amazonaws.com/id/A46C15DBC2EAAF6AB86C58435F166D94:aud\":\"sts.amazonaws.com\",\"oidc.eks.eu-central-1.amazonaws.com/id/A46C15DBC2EAAF6AB86C58435F166D94:sub\":\"system:serviceaccount:kube-system:ebs-csi-controller-sa\"}}}]}",
            "override_json": null,
            "override_policy_documents": null,
            "policy_id": null,
            "source_json": null,
            "source_policy_documents": null,
            "statement": [
              {
                "actions": [
                  "sts:AssumeRoleWithWebIdentity"
                ],
                "condition": [
                  {
                    "test": "StringEquals",
                    "values": [
                      "sts.amazonaws.com"
                    ],
                    "variable": "oidc.eks.eu-central-1.amazonaws.com/id/A46C15DBC2EAAF6AB86C58435F166D94:aud"
                  },
                  {
                    "test": "StringEquals",
                    "values": [
                      "system:serviceaccount:kube-system:ebs-csi-controller-sa"
                    ],
                    "variable": "oidc.eks.eu-central-1.amazonaws.com/id/A46C15DBC2EAAF6AB86C58435F166D94:sub"
                  }
                ],
                "effect": "Allow",
                "not_actions": [],
                "not_principals": [],
                "not_resources": [],
                "principals": [
                  {
                    "identifiers": [
                      "arn:aws:iam::886511165402:oidc-provider/oidc.eks.eu-central-1.amazonaws.com/id/A46C15DBC2EAAF6AB86C58435F166D94"
                    ],
                    "type": "Federated"
                  }
                ],
                "resources": [],
                "sid": ""
              }
            ],
            "version": "2012-10-17"
          },
          "sensitive_attributes": [],
          "identity_schema_version": 0
        }
      ]
    },
    {
      "mode": "data",
      "type": "terraform_remote_state",
      "name": "eks",
      "provider": "provider[\"terraform.io/builtin/terraform\"]",
      "instances": [
        {
          "schema_version": 0,
          "attributes": {
            "backend": "local",
            "config": {
              "value": {
                "path": "../terraform-states/step2-eks.tfstate"
              },
              "type": [
                "object",
                {
                  "path": "string"
                }
              ]
            },
            "defaults": null,
            "outputs": {
              "value": {
                "cluster_arn": "arn:aws:eks:eu-central-1:886511165402:cluster/robot-shop-eks-cluster",
                "cluster_certificate_authority_data": "LS0tLS1CRUdJTiBDRVJUSUZJQ0FURS0tLS0tCk1JSURCVENDQWUyZ0F3SUJBZ0lJS3E2MTJzSmo4bzB3RFFZSktvWklodmNOQVFFTEJRQXdGVEVUTUJFR0ExVUUKQXhNS2EzVmlaWEp1WlhSbGN6QWVGdzB5TlRFeU1ETXhNakk1TkRkYUZ3MHpOVEV5TURFeE1qTTBORGRhTUJVeApFekFSQmdOVkJBTVRDbXQxWW1WeWJtVjBaWE13Z2dFaU1BMEdDU3FHU0liM0RRRUJBUVVBQTRJQkR3QXdnZ0VLCkFvSUJBUURSbVZWcEV1ZkRNejRwTUZ1REYveEJwazFxZTIrOWp3TlRDRG1sRDhrQXpyOXU1eGw1OEdQOEFzaTgKY28ybzVYUTl6d0p4RUtZajc3Nlp2SVhWYVU4dE5NUHVOWG1uUEdpNXlnYWRwNVlJRDNxZnJNdksvdUtlKzFIbQpBSHQwdXBpRTdHY0FFTUR5d2NBMjFXaDMxWDY4aXhQVmdybHp2RzdRbjJoQ3FUb1ZqQUY4QkY1eDZzOEpjTGdjCk5LYy9Vem5EVlpwVzFYSEI1akxNd2Fyb1JSTUpUR2RtaVFrV0kxem5JQXMvajE5Z1o3QTQzZjZ4ZHdJRGlCNUUKaWovcENsbmtTOFE5aG9KN0lEZ2JBSi9qWTNub3JONlNpQm84RG9TYVh0bmJUeXlMQTIvQ0tBOWdOTUFFc2RTQgpmUi9wUENyWUhuQm81TllMakQ5Tmt3akwyekNmQWdNQkFBR2pXVEJYTUE0R0ExVWREd0VCL3dRRUF3SUNwREFQCkJnTlZIUk1CQWY4RUJUQURBUUgvTUIwR0ExVWREZ1FXQkJTb3preFJYV2Z5RGxxem1ROHhTVGJadmZqS1RUQVYKQmdOVkhSRUVEakFNZ2dwcmRXSmxjbTVsZEdWek1BMEdDU3FHU0liM0RRRUJDd1VBQTRJQkFRQWFvcmNBTXBxNQpnenVPR2ttMVhURXRFT0lybk5waTlFTnlncEhSZGVDVDdqRk14RlJhdEZGeUNqb2UvMzU3Y1pyQzd5T1NtRi9CCjQyeHVGMVdhZkJ4TWxVQkZvWDVQWUtsMXVyY3prU2FNc1dDV0xrOVBCekx0c0cxWk12L2lvZ0YxZE4wc0F2d2UKM014V3R4dHlNZEd5eWhBYzVmdm9DM3h6T2MzVkdKaFZ1U09LY01QSzZHai9SRVJkQlkvYVFpZHJWL1FHMEVQbAp4MFNaZDJlbjQ0ZEU4MkxIZGxDV1NBRmhnWjlHUEkxYzV1YUJ5Tkl2bjRldTBHZTdlRUZNdy8xbHN0MmVmUFU5Cm4zR2NaT2R0WEpBeUM0cWU1MnQzVWtQQm1kZzI1MVM5Z3V3STZ6K05BRzBmaVZvU1NVZE4vcDNjUEo3R0Z5NzQKOFdsUTNmVzJzODBpCi0tLS0tRU5EIENFUlRJRklDQVRFLS0tLS0K",
                "cluster_endpoint": "https://A46C15DBC2EAAF6AB86C58435F166D94.gr7.eu-central-1.eks.amazonaws.com",
                "cluster_name": "robot-shop-eks-cluster",
                "cluster_security_group_id": "sg-0cc0ca1d80984e8e9",
                "cluster_version": "1.28",
                "oidc_issuer": "https://oidc.eks.eu-central-1.amazonaws.com/id/A46C15DBC2EAAF6AB86C58435F166D94",
                "oidc_provider_arn": "arn:aws:iam::886511165402:oidc-provider/oidc.eks.eu-central-1.amazonaws.com/id/A46C15DBC2EAAF6AB86C58435F166D94",
                "oidc_provider_url": "oidc.eks.eu-central-1.amazonaws.com/id/A46C15DBC2EAAF6AB86C58435F166D94",
                "private_subnet_ids": [
                  "subnet-0795431248436e675",
                  "subnet-0ac562ca7caeb09aa"
                ],
                "public_subnet_ids": [
                  "subnet-0e543c1f454f2dad9",
                  "subnet-0df05aa9d93206036"
                ],
                "region": "eu-central-1",
                "vpc_id": "vpc-0d4a801a4012c8438"
              },
              "type": [
                "object",
                {
                  "cluster_arn": "string",
                  "cluster_certificate_authority_data": "string",
                  "cluster_endpoint": "string",
                  "cluster_name": "string",
                  "cluster_security_group_id": "string",
                  "cluster_version": "string",
                  "oidc_issuer": "string",
                  "oidc_provider_arn": "string",
                  "oidc_provider_url": "string",
                  "private_subnet_ids": [
                    "tuple",
                    [
                      "string",
                      "string"
                    ]
                  ],
                  "public_subnet_ids": [
                    "tuple",
                    [
                      "string",
                      "string"
                    ]
                  ],
                  "region": "string",
                  "vpc_id": "string"
                }
              ]
            },
            "workspace": null
          },
          "sensitive_attributes": [],
          "identity_schema_version": 0
        }
      ]
    },
    {
      "mode": "data",
      "type": "terraform_remote_state",
      "name": "nodegroup",
      "provider": "provider[\"terraform.io/builtin/terraform\"]",
      "instances": [
        {
          "schema_version": 0,
          "attributes": {
            "backend": "local",
            "config": {
              "value": {
                "path": "../terraform-states/step3-nodegroup.tfstate"
              },
              "type": [
                "object",
                {
                  "path": "string"
                }
              ]
            },
            "defaults": null,
            "outputs": {
              "value": {
                "cluster_endpoint": "https://A46C15DBC2EAAF6AB86C58435F166D94.gr7.eu-central-1.eks.amazonaws.com",
                "cluster_name": "robot-shop-eks-cluster",
                "node_group_arn": "arn:aws:eks:eu-central-1:886511165402:nodegroup/robot-shop-eks-cluster/robot-shop-eks-cluster-node-group/92cd721c-a3c6-4795-4b35-b87c8d3a3c81",
                "node_group_name": "robot-shop-eks-cluster-node-group",
                "node_group_status": "ACTIVE",
                "node_role_arn": "arn:aws:iam::886511165402:role/robot-shop-eks-cluster-node-group-role",
                "node_security_group_id": "sg-00fd2e26c3e100d94",
                "region": "eu-central-1"
              },
              "type": [
                "object",
                {
                  "cluster_endpoint": "string",
                  "cluster_name": "string",
                  "node_group_arn": "string",
                  "node_group_name": "string",
                  "node_group_status": "string",
                  "node_role_arn": "string",
                  "node_security_group_id": "string",
                  "region": "string"
                }
              ]
            },
            "workspace": null
          },
          "sensitive_attributes": [],
          "identity_schema_version": 0
        }
      ]
    },
    {
      "mode": "managed",
      "type": "aws_eks_addon",
      "name": "ebs_csi_driver",
      "provider": "provider[\"registry.terraform.io/hashicorp/aws\"]",
      "instances": [
        {
          "schema_version": 0,
          "attributes": {
            "addon_name": "aws-ebs-csi-driver",
            "addon_version": "v1.53.0-eksbuild.1",
            "arn": "arn:aws:eks:eu-central-1:886511165402:addon/robot-shop-eks-cluster/aws-ebs-csi-driver/accd721e-4698-c9be-20f2-5e36d1817f0a",
            "cluster_name": "robot-shop-eks-cluster",
            "configuration_values": "",
            "created_at": "2025-12-03T12:42:45Z",
            "id": "robot-shop-eks-cluster:aws-ebs-csi-driver",
            "modified_at": "2025-12-03T12:43:11Z",
            "pod_identity_association": [],
            "preserve": null,
            "resolve_conflicts": null,
            "resolve_conflicts_on_create": "OVERWRITE",
            "resolve_conflicts_on_update": "OVERWRITE",
            "service_account_role_arn": "arn:aws:iam::886511165402:role/robot-shop-eks-cluster-ebs-csi-driver-role",
            "tags": {
              "Environment": "Development",
              "ManagedBy": "Terraform",
              "Project": "Robot-Shop-EKS"
            },
            "tags_all": {
              "Environment": "Development",
              "ManagedBy": "Terraform",
              "Owner": "DevOps-Team",
              "Project": "Robot-Shop-EKS"
            },
            "timeouts": null
          },
          "sensitive_attributes": [],
          "identity_schema_version": 0,
          "private": "eyJlMmJmYjczMC1lY2FhLTExZTYtOGY4OC0zNDM2M2JjN2M0YzAiOnsiY3JlYXRlIjoxMjAwMDAwMDAwMDAwLCJkZWxldGUiOjI0MDAwMDAwMDAwMDAsInVwZGF0ZSI6MTIwMDAwMDAwMDAwMH19",
          "dependencies": [
            "aws_iam_role.ebs_csi_driver",
            "aws_iam_role_policy_attachment.ebs_csi_policy",
            "data.aws_iam_policy_document.ebs_csi_assume_role",
            "data.terraform_remote_state.eks"
          ]
        }
      ]
    },
    {
      "mode": "managed",
      "type": "aws_iam_role",
      "name": "ebs_csi_driver",
      "provider": "provider[\"registry.terraform.io/hashicorp/aws\"]",
      "instances": [
        {
          "schema_version": 0,
          "attributes": {
            "arn": "arn:aws:iam::886511165402:role/robot-shop-eks-cluster-ebs-csi-driver-role",
            "assume_role_policy": "{\"Statement\":[{\"Action\":\"sts:AssumeRoleWithWebIdentity\",\"Condition\":{\"StringEquals\":{\"oidc.eks.eu-central-1.amazonaws.com/id/A46C15DBC2EAAF6AB86C58435F166D94:aud\":\"sts.amazonaws.com\",\"oidc.eks.eu-central-1.amazonaws.com/id/A46C15DBC2EAAF6AB86C58435F166D94:sub\":\"system:serviceaccount:kube-system:ebs-csi-controller-sa\"}},\"Effect\":\"Allow\",\"Principal\":{\"Federated\":\"arn:aws:iam::886511165402:oidc-provider/oidc.eks.eu-central-1.amazonaws.com/id/A46C15DBC2EAAF6AB86C58435F166D94\"}}],\"Version\":\"2012-10-17\"}",
            "create_date": "2025-12-03T12:42:41Z",
            "description": "",
            "force_detach_policies": false,
            "id": "robot-shop-eks-cluster-ebs-csi-driver-role",
            "inline_policy": [],
            "managed_policy_arns": [],
            "max_session_duration": 3600,
            "name": "robot-shop-eks-cluster-ebs-csi-driver-role",
            "name_prefix": "",
            "path": "/",
            "permissions_boundary": "",
            "tags": {
              "Environment": "Development",
              "ManagedBy": "Terraform",
              "Project": "Robot-Shop-EKS"
            },
            "tags_all": {
              "Environment": "Development",
              "ManagedBy": "Terraform",
              "Owner": "DevOps-Team",
              "Project": "Robot-Shop-EKS"
            },
            "unique_id": "AROA442BO37NN4S6ANAG7"
          },
          "sensitive_attributes": [],
          "identity_schema_version": 0,
          "private": "bnVsbA==",
          "dependencies": [
            "data.aws_iam_policy_document.ebs_csi_assume_role",
            "data.terraform_remote_state.eks"
          ]
        }
      ]
    },
    {
      "mode": "managed",
      "type": "aws_iam_role_policy_attachment",
      "name": "ebs_csi_policy",
      "provider": "provider[\"registry.terraform.io/hashicorp/aws\"]",
      "instances": [
        {
          "schema_version": 0,
          "attributes": {
            "id": "robot-shop-eks-cluster-ebs-csi-driver-role-20251203124243776000000001",
            "policy_arn": "arn:aws:iam::aws:policy/service-role/AmazonEBSCSIDriverPolicy",
            "role": "robot-shop-eks-cluster-ebs-csi-driver-role"
          },
          "sensitive_attributes": [],
          "identity_schema_version": 0,
          "private": "bnVsbA==",
          "dependencies": [
            "aws_iam_role.ebs_csi_driver",
            "data.aws_iam_policy_document.ebs_csi_assume_role",
            "data.terraform_remote_state.eks"
          ]
        }
      ]
    },
    {
      "mode": "managed",
      "type": "kubernetes_storage_class",
      "name": "gp3",
      "provider": "provider[\"registry.terraform.io/hashicorp/kubernetes\"]",
      "instances": [
        {
          "schema_version": 0,
          "attributes": {
            "allow_volume_expansion": true,
            "allowed_topologies": [],
            "id": "gp3",
            "metadata": [
              {
                "annotations": {
                  "storageclass.kubernetes.io/is-default-class": "true"
                },
                "generate_name": "",
                "generation": 0,
                "labels": null,
                "name": "gp3",
                "resource_version": "1891",
                "uid": "7a62d6d1-1ca4-4d44-a11d-f9a7dc991bee"
              }
            ],
            "mount_options": null,
            "parameters": {
              "encrypted": "true",
              "fsType": "ext4",
              "type": "gp3"
            },
            "reclaim_policy": "Delete",
            "storage_provisioner": "ebs.csi.aws.com",
            "volume_binding_mode": "WaitForFirstConsumer"
          },
          "sensitive_attributes": [],
          "identity_schema_version": 0,
          "private": "bnVsbA==",
          "dependencies": [
            "aws_eks_addon.ebs_csi_driver",
            "aws_iam_role.ebs_csi_driver",
            "aws_iam_role_policy_attachment.ebs_csi_policy",
            "data.aws_iam_policy_document.ebs_csi_assume_role",
            "data.terraform_remote_state.eks",
            "null_resource.wait_for_ebs_csi"
          ]
        }
      ]
    },
    {
      "mode": "managed",
      "type": "null_resource",
      "name": "wait_for_ebs_csi",
      "provider": "provider[\"registry.terraform.io/hashicorp/null\"]",
      "instances": [
        {
          "schema_version": 0,
          "attributes": {
            "id": "1020457054220705677",
            "triggers": null
          },
          "sensitive_attributes": [],
          "identity_schema_version": 0,
          "dependencies": [
            "aws_eks_addon.ebs_csi_driver",
            "aws_iam_role.ebs_csi_driver",
            "aws_iam_role_policy_attachment.ebs_csi_policy",
            "data.aws_iam_policy_document.ebs_csi_assume_role",
            "data.terraform_remote_state.eks"
          ]
        }
      ]
    }
  ],
  "check_results": null
}
