{
  "version": 4,
  "terraform_version": "1.12.2",
  "serial": 6,
  "lineage": "65a31623-7222-ab8a-ad1c-71c4473ec6ef",
  "outputs": {
    "alb_controller_policy_arn": {
      "value": "arn:aws:iam::886511165402:policy/robot-shop-eks-cluster-aws-load-balancer-controller",
      "type": "string"
    },
    "alb_controller_role_arn": {
      "value": "arn:aws:iam::886511165402:role/robot-shop-eks-cluster-aws-load-balancer-controller",
      "type": "string"
    },
    "cluster_endpoint": {
      "value": "https://A46C15DBC2EAAF6AB86C58435F166D94.gr7.eu-central-1.eks.amazonaws.com",
      "type": "string"
    },
    "cluster_name": {
      "value": "robot-shop-eks-cluster",
      "type": "string"
    },
    "region": {
      "value": "eu-central-1",
      "type": "string"
    },
    "vpc_id": {
      "value": "vpc-0d4a801a4012c8438",
      "type": "string"
    }
  },
  "resources": [
    {
      "mode": "data",
      "type": "aws_iam_policy_document",
      "name": "aws_load_balancer_controller_assume_role",
      "provider": "provider[\"registry.terraform.io/hashicorp/aws\"]",
      "instances": [
        {
          "schema_version": 0,
          "attributes": {
            "id": "1863451759",
            "json": "{\n  \"Version\": \"2012-10-17\",\n  \"Statement\": [\n    {\n      \"Effect\": \"Allow\",\n      \"Action\": \"sts:AssumeRoleWithWebIdentity\",\n      \"Principal\": {\n        \"Federated\": \"arn:aws:iam::886511165402:oidc-provider/oidc.eks.eu-central-1.amazonaws.com/id/A46C15DBC2EAAF6AB86C58435F166D94\"\n      },\n      \"Condition\": {\n        \"StringEquals\": {\n          \"oidc.eks.eu-central-1.amazonaws.com/id/A46C15DBC2EAAF6AB86C58435F166D94:aud\": \"sts.amazonaws.com\",\n          \"oidc.eks.eu-central-1.amazonaws.com/id/A46C15DBC2EAAF6AB86C58435F166D94:sub\": \"system:serviceaccount:kube-system:aws-load-balancer-controller\"\n        }\n      }\n    }\n  ]\n}",
            "minified_json": "{\"Version\":\"2012-10-17\",\"Statement\":[{\"Effect\":\"Allow\",\"Action\":\"sts:AssumeRoleWithWebIdentity\",\"Principal\":{\"Federated\":\"arn:aws:iam::886511165402:oidc-provider/oidc.eks.eu-central-1.amazonaws.com/id/A46C15DBC2EAAF6AB86C58435F166D94\"},\"Condition\":{\"StringEquals\":{\"oidc.eks.eu-central-1.amazonaws.com/id/A46C15DBC2EAAF6AB86C58435F166D94:aud\":\"sts.amazonaws.com\",\"oidc.eks.eu-central-1.amazonaws.com/id/A46C15DBC2EAAF6AB86C58435F166D94:sub\":\"system:serviceaccount:kube-system:aws-load-balancer-controller\"}}}]}",
            "override_json": null,
            "override_policy_documents": null,
            "policy_id": null,
            "source_json": null,
            "source_policy_documents": null,
            "statement": [
              {
                "actions": [
                  "sts:AssumeRoleWithWebIdentity"
                ],
                "condition": [
                  {
                    "test": "StringEquals",
                    "values": [
                      "sts.amazonaws.com"
                    ],
                    "variable": "oidc.eks.eu-central-1.amazonaws.com/id/A46C15DBC2EAAF6AB86C58435F166D94:aud"
                  },
                  {
                    "test": "StringEquals",
                    "values": [
                      "system:serviceaccount:kube-system:aws-load-balancer-controller"
                    ],
                    "variable": "oidc.eks.eu-central-1.amazonaws.com/id/A46C15DBC2EAAF6AB86C58435F166D94:sub"
                  }
                ],
                "effect": "Allow",
                "not_actions": [],
                "not_principals": [],
                "not_resources": [],
                "principals": [
                  {
                    "identifiers": [
                      "arn:aws:iam::886511165402:oidc-provider/oidc.eks.eu-central-1.amazonaws.com/id/A46C15DBC2EAAF6AB86C58435F166D94"
                    ],
                    "type": "Federated"
                  }
                ],
                "resources": [],
                "sid": ""
              }
            ],
            "version": "2012-10-17"
          },
          "sensitive_attributes": [],
          "identity_schema_version": 0
        }
      ]
    },
    {
      "mode": "data",
      "type": "terraform_remote_state",
      "name": "ebs_csi",
      "provider": "provider[\"terraform.io/builtin/terraform\"]",
      "instances": [
        {
          "schema_version": 0,
          "attributes": {
            "backend": "local",
            "config": {
              "value": {
                "path": "../terraform-states/step4-ebs-csi.tfstate"
              },
              "type": [
                "object",
                {
                  "path": "string"
                }
              ]
            },
            "defaults": null,
            "outputs": {
              "value": {
                "cluster_endpoint": "https://A46C15DBC2EAAF6AB86C58435F166D94.gr7.eu-central-1.eks.amazonaws.com",
                "cluster_name": "robot-shop-eks-cluster",
                "ebs_csi_addon_version": "v1.53.0-eksbuild.1",
                "ebs_csi_driver_role_arn": "arn:aws:iam::886511165402:role/robot-shop-eks-cluster-ebs-csi-driver-role",
                "region": "eu-central-1",
                "storage_class_name": "gp3"
              },
              "type": [
                "object",
                {
                  "cluster_endpoint": "string",
                  "cluster_name": "string",
                  "ebs_csi_addon_version": "string",
                  "ebs_csi_driver_role_arn": "string",
                  "region": "string",
                  "storage_class_name": "string"
                }
              ]
            },
            "workspace": null
          },
          "sensitive_attributes": [],
          "identity_schema_version": 0
        }
      ]
    },
    {
      "mode": "data",
      "type": "terraform_remote_state",
      "name": "eks",
      "provider": "provider[\"terraform.io/builtin/terraform\"]",
      "instances": [
        {
          "schema_version": 0,
          "attributes": {
            "backend": "local",
            "config": {
              "value": {
                "path": "../terraform-states/step2-eks.tfstate"
              },
              "type": [
                "object",
                {
                  "path": "string"
                }
              ]
            },
            "defaults": null,
            "outputs": {
              "value": {
                "cluster_arn": "arn:aws:eks:eu-central-1:886511165402:cluster/robot-shop-eks-cluster",
                "cluster_certificate_authority_data": "LS0tLS1CRUdJTiBDRVJUSUZJQ0FURS0tLS0tCk1JSURCVENDQWUyZ0F3SUJBZ0lJS3E2MTJzSmo4bzB3RFFZSktvWklodmNOQVFFTEJRQXdGVEVUTUJFR0ExVUUKQXhNS2EzVmlaWEp1WlhSbGN6QWVGdzB5TlRFeU1ETXhNakk1TkRkYUZ3MHpOVEV5TURFeE1qTTBORGRhTUJVeApFekFSQmdOVkJBTVRDbXQxWW1WeWJtVjBaWE13Z2dFaU1BMEdDU3FHU0liM0RRRUJBUVVBQTRJQkR3QXdnZ0VLCkFvSUJBUURSbVZWcEV1ZkRNejRwTUZ1REYveEJwazFxZTIrOWp3TlRDRG1sRDhrQXpyOXU1eGw1OEdQOEFzaTgKY28ybzVYUTl6d0p4RUtZajc3Nlp2SVhWYVU4dE5NUHVOWG1uUEdpNXlnYWRwNVlJRDNxZnJNdksvdUtlKzFIbQpBSHQwdXBpRTdHY0FFTUR5d2NBMjFXaDMxWDY4aXhQVmdybHp2RzdRbjJoQ3FUb1ZqQUY4QkY1eDZzOEpjTGdjCk5LYy9Vem5EVlpwVzFYSEI1akxNd2Fyb1JSTUpUR2RtaVFrV0kxem5JQXMvajE5Z1o3QTQzZjZ4ZHdJRGlCNUUKaWovcENsbmtTOFE5aG9KN0lEZ2JBSi9qWTNub3JONlNpQm84RG9TYVh0bmJUeXlMQTIvQ0tBOWdOTUFFc2RTQgpmUi9wUENyWUhuQm81TllMakQ5Tmt3akwyekNmQWdNQkFBR2pXVEJYTUE0R0ExVWREd0VCL3dRRUF3SUNwREFQCkJnTlZIUk1CQWY4RUJUQURBUUgvTUIwR0ExVWREZ1FXQkJTb3preFJYV2Z5RGxxem1ROHhTVGJadmZqS1RUQVYKQmdOVkhSRUVEakFNZ2dwcmRXSmxjbTVsZEdWek1BMEdDU3FHU0liM0RRRUJDd1VBQTRJQkFRQWFvcmNBTXBxNQpnenVPR2ttMVhURXRFT0lybk5waTlFTnlncEhSZGVDVDdqRk14RlJhdEZGeUNqb2UvMzU3Y1pyQzd5T1NtRi9CCjQyeHVGMVdhZkJ4TWxVQkZvWDVQWUtsMXVyY3prU2FNc1dDV0xrOVBCekx0c0cxWk12L2lvZ0YxZE4wc0F2d2UKM014V3R4dHlNZEd5eWhBYzVmdm9DM3h6T2MzVkdKaFZ1U09LY01QSzZHai9SRVJkQlkvYVFpZHJWL1FHMEVQbAp4MFNaZDJlbjQ0ZEU4MkxIZGxDV1NBRmhnWjlHUEkxYzV1YUJ5Tkl2bjRldTBHZTdlRUZNdy8xbHN0MmVmUFU5Cm4zR2NaT2R0WEpBeUM0cWU1MnQzVWtQQm1kZzI1MVM5Z3V3STZ6K05BRzBmaVZvU1NVZE4vcDNjUEo3R0Z5NzQKOFdsUTNmVzJzODBpCi0tLS0tRU5EIENFUlRJRklDQVRFLS0tLS0K",
                "cluster_endpoint": "https://A46C15DBC2EAAF6AB86C58435F166D94.gr7.eu-central-1.eks.amazonaws.com",
                "cluster_name": "robot-shop-eks-cluster",
                "cluster_security_group_id": "sg-0cc0ca1d80984e8e9",
                "cluster_version": "1.28",
                "oidc_issuer": "https://oidc.eks.eu-central-1.amazonaws.com/id/A46C15DBC2EAAF6AB86C58435F166D94",
                "oidc_provider_arn": "arn:aws:iam::886511165402:oidc-provider/oidc.eks.eu-central-1.amazonaws.com/id/A46C15DBC2EAAF6AB86C58435F166D94",
                "oidc_provider_url": "oidc.eks.eu-central-1.amazonaws.com/id/A46C15DBC2EAAF6AB86C58435F166D94",
                "private_subnet_ids": [
                  "subnet-0795431248436e675",
                  "subnet-0ac562ca7caeb09aa"
                ],
                "public_subnet_ids": [
                  "subnet-0e543c1f454f2dad9",
                  "subnet-0df05aa9d93206036"
                ],
                "region": "eu-central-1",
                "vpc_id": "vpc-0d4a801a4012c8438"
              },
              "type": [
                "object",
                {
                  "cluster_arn": "string",
                  "cluster_certificate_authority_data": "string",
                  "cluster_endpoint": "string",
                  "cluster_name": "string",
                  "cluster_security_group_id": "string",
                  "cluster_version": "string",
                  "oidc_issuer": "string",
                  "oidc_provider_arn": "string",
                  "oidc_provider_url": "string",
                  "private_subnet_ids": [
                    "tuple",
                    [
                      "string",
                      "string"
                    ]
                  ],
                  "public_subnet_ids": [
                    "tuple",
                    [
                      "string",
                      "string"
                    ]
                  ],
                  "region": "string",
                  "vpc_id": "string"
                }
              ]
            },
            "workspace": null
          },
          "sensitive_attributes": [],
          "identity_schema_version": 0
        }
      ]
    },
    {
      "mode": "data",
      "type": "terraform_remote_state",
      "name": "nodegroup",
      "provider": "provider[\"terraform.io/builtin/terraform\"]",
      "instances": [
        {
          "schema_version": 0,
          "attributes": {
            "backend": "local",
            "config": {
              "value": {
                "path": "../terraform-states/step3-nodegroup.tfstate"
              },
              "type": [
                "object",
                {
                  "path": "string"
                }
              ]
            },
            "defaults": null,
            "outputs": {
              "value": {
                "cluster_endpoint": "https://A46C15DBC2EAAF6AB86C58435F166D94.gr7.eu-central-1.eks.amazonaws.com",
                "cluster_name": "robot-shop-eks-cluster",
                "node_group_arn": "arn:aws:eks:eu-central-1:886511165402:nodegroup/robot-shop-eks-cluster/robot-shop-eks-cluster-node-group/92cd721c-a3c6-4795-4b35-b87c8d3a3c81",
                "node_group_name": "robot-shop-eks-cluster-node-group",
                "node_group_status": "ACTIVE",
                "node_role_arn": "arn:aws:iam::886511165402:role/robot-shop-eks-cluster-node-group-role",
                "node_security_group_id": "sg-00fd2e26c3e100d94",
                "region": "eu-central-1"
              },
              "type": [
                "object",
                {
                  "cluster_endpoint": "string",
                  "cluster_name": "string",
                  "node_group_arn": "string",
                  "node_group_name": "string",
                  "node_group_status": "string",
                  "node_role_arn": "string",
                  "node_security_group_id": "string",
                  "region": "string"
                }
              ]
            },
            "workspace": null
          },
          "sensitive_attributes": [],
          "identity_schema_version": 0
        }
      ]
    },
    {
      "mode": "data",
      "type": "terraform_remote_state",
      "name": "vpc",
      "provider": "provider[\"terraform.io/builtin/terraform\"]",
      "instances": [
        {
          "schema_version": 0,
          "attributes": {
            "backend": "local",
            "config": {
              "value": {
                "path": "../terraform-states/step1-vpc.tfstate"
              },
              "type": [
                "object",
                {
                  "path": "string"
                }
              ]
            },
            "defaults": null,
            "outputs": {
              "value": {
                "availability_zones": [
                  "eu-central-1a",
                  "eu-central-1b"
                ],
                "cluster_name": "robot-shop-eks-cluster",
                "internet_gateway_id": "igw-0a19c68d06bcb6826",
                "nat_gateway_ids": [
                  "nat-07f44e4667fa363b1",
                  "nat-0040300a87f7482d6"
                ],
                "private_subnet_cidrs": [
                  "10.0.10.0/24",
                  "10.0.20.0/24"
                ],
                "private_subnet_ids": [
                  "subnet-0795431248436e675",
                  "subnet-0ac562ca7caeb09aa"
                ],
                "public_subnet_cidrs": [
                  "10.0.1.0/24",
                  "10.0.2.0/24"
                ],
                "public_subnet_ids": [
                  "subnet-0e543c1f454f2dad9",
                  "subnet-0df05aa9d93206036"
                ],
                "region": "eu-central-1",
                "vpc_cidr": "10.0.0.0/16",
                "vpc_id": "vpc-0d4a801a4012c8438"
              },
              "type": [
                "object",
                {
                  "availability_zones": [
                    "list",
                    "string"
                  ],
                  "cluster_name": "string",
                  "internet_gateway_id": "string",
                  "nat_gateway_ids": [
                    "tuple",
                    [
                      "string",
                      "string"
                    ]
                  ],
                  "private_subnet_cidrs": [
                    "tuple",
                    [
                      "string",
                      "string"
                    ]
                  ],
                  "private_subnet_ids": [
                    "tuple",
                    [
                      "string",
                      "string"
                    ]
                  ],
                  "public_subnet_cidrs": [
                    "tuple",
                    [
                      "string",
                      "string"
                    ]
                  ],
                  "public_subnet_ids": [
                    "tuple",
                    [
                      "string",
                      "string"
                    ]
                  ],
                  "region": "string",
                  "vpc_cidr": "string",
                  "vpc_id": "string"
                }
              ]
            },
            "workspace": null
          },
          "sensitive_attributes": [],
          "identity_schema_version": 0
        }
      ]
    },
    {
      "mode": "managed",
      "type": "aws_iam_policy",
      "name": "aws_load_balancer_controller",
      "provider": "provider[\"registry.terraform.io/hashicorp/aws\"]",
      "instances": [
        {
          "schema_version": 0,
          "attributes": {
            "arn": "arn:aws:iam::886511165402:policy/robot-shop-eks-cluster-aws-load-balancer-controller",
            "attachment_count": 0,
            "description": "IAM policy for AWS Load Balancer Controller",
            "id": "arn:aws:iam::886511165402:policy/robot-shop-eks-cluster-aws-load-balancer-controller",
            "name": "robot-shop-eks-cluster-aws-load-balancer-controller",
            "name_prefix": "",
            "path": "/",
            "policy": "{\"Statement\":[{\"Action\":[\"iam:CreateServiceLinkedRole\"],\"Condition\":{\"StringEquals\":{\"iam:AWSServiceName\":\"elasticloadbalancing.amazonaws.com\"}},\"Effect\":\"Allow\",\"Resource\":\"*\"},{\"Action\":[\"ec2:DescribeAccountAttributes\",\"ec2:DescribeAddresses\",\"ec2:DescribeAvailabilityZones\",\"ec2:DescribeInternetGateways\",\"ec2:DescribeVpcs\",\"ec2:DescribeVpcPeeringConnections\",\"ec2:DescribeSubnets\",\"ec2:DescribeSecurityGroups\",\"ec2:DescribeInstances\",\"ec2:DescribeNetworkInterfaces\",\"ec2:DescribeTags\",\"ec2:GetCoipPoolUsage\",\"ec2:DescribeCoipPools\",\"elasticloadbalancing:DescribeLoadBalancers\",\"elasticloadbalancing:DescribeLoadBalancerAttributes\",\"elasticloadbalancing:DescribeListeners\",\"elasticloadbalancing:DescribeListenerCertificates\",\"elasticloadbalancing:DescribeSSLPolicies\",\"elasticloadbalancing:DescribeRules\",\"elasticloadbalancing:DescribeTargetGroups\",\"elasticloadbalancing:DescribeTargetGroupAttributes\",\"elasticloadbalancing:DescribeTargetHealth\",\"elasticloadbalancing:DescribeTags\"],\"Effect\":\"Allow\",\"Resource\":\"*\"},{\"Action\":[\"cognito-idp:DescribeUserPoolClient\",\"acm:ListCertificates\",\"acm:DescribeCertificate\",\"iam:ListServerCertificates\",\"iam:GetServerCertificate\",\"waf-regional:GetWebACL\",\"waf-regional:GetWebACLForResource\",\"waf-regional:AssociateWebACL\",\"waf-regional:DisassociateWebACL\",\"wafv2:GetWebACL\",\"wafv2:GetWebACLForResource\",\"wafv2:AssociateWebACL\",\"wafv2:DisassociateWebACL\",\"shield:GetSubscriptionState\",\"shield:DescribeProtection\",\"shield:CreateProtection\",\"shield:DeleteProtection\"],\"Effect\":\"Allow\",\"Resource\":\"*\"},{\"Action\":[\"ec2:AuthorizeSecurityGroupIngress\",\"ec2:RevokeSecurityGroupIngress\"],\"Effect\":\"Allow\",\"Resource\":\"*\"},{\"Action\":[\"ec2:CreateSecurityGroup\"],\"Effect\":\"Allow\",\"Resource\":\"*\"},{\"Action\":[\"ec2:CreateTags\"],\"Condition\":{\"Null\":{\"aws:RequestTag/elbv2.k8s.aws/cluster\":\"false\"},\"StringEquals\":{\"ec2:CreateAction\":\"CreateSecurityGroup\"}},\"Effect\":\"Allow\",\"Resource\":\"arn:aws:ec2:*:*:security-group/*\"},{\"Action\":[\"ec2:CreateTags\",\"ec2:DeleteTags\"],\"Condition\":{\"Null\":{\"aws:RequestTag/elbv2.k8s.aws/cluster\":\"true\",\"aws:ResourceTag/elbv2.k8s.aws/cluster\":\"false\"}},\"Effect\":\"Allow\",\"Resource\":\"arn:aws:ec2:*:*:security-group/*\"},{\"Action\":[\"ec2:AuthorizeSecurityGroupIngress\",\"ec2:RevokeSecurityGroupIngress\",\"ec2:DeleteSecurityGroup\"],\"Condition\":{\"Null\":{\"aws:ResourceTag/elbv2.k8s.aws/cluster\":\"false\"}},\"Effect\":\"Allow\",\"Resource\":\"*\"},{\"Action\":[\"elasticloadbalancing:CreateLoadBalancer\",\"elasticloadbalancing:CreateTargetGroup\"],\"Condition\":{\"Null\":{\"aws:RequestTag/elbv2.k8s.aws/cluster\":\"false\"}},\"Effect\":\"Allow\",\"Resource\":\"*\"},{\"Action\":[\"elasticloadbalancing:CreateListener\",\"elasticloadbalancing:DeleteListener\",\"elasticloadbalancing:CreateRule\",\"elasticloadbalancing:DeleteRule\"],\"Effect\":\"Allow\",\"Resource\":\"*\"},{\"Action\":[\"elasticloadbalancing:AddTags\",\"elasticloadbalancing:RemoveTags\"],\"Condition\":{\"Null\":{\"aws:RequestTag/elbv2.k8s.aws/cluster\":\"true\",\"aws:ResourceTag/elbv2.k8s.aws/cluster\":\"false\"}},\"Effect\":\"Allow\",\"Resource\":[\"arn:aws:elasticloadbalancing:*:*:targetgroup/*/*\",\"arn:aws:elasticloadbalancing:*:*:loadbalancer/net/*/*\",\"arn:aws:elasticloadbalancing:*:*:loadbalancer/app/*/*\"]},{\"Action\":[\"elasticloadbalancing:AddTags\",\"elasticloadbalancing:RemoveTags\"],\"Effect\":\"Allow\",\"Resource\":[\"arn:aws:elasticloadbalancing:*:*:listener/net/*/*/*\",\"arn:aws:elasticloadbalancing:*:*:listener/app/*/*/*\",\"arn:aws:elasticloadbalancing:*:*:listener-rule/net/*/*/*\",\"arn:aws:elasticloadbalancing:*:*:listener-rule/app/*/*/*\"]},{\"Action\":[\"elasticloadbalancing:ModifyLoadBalancerAttributes\",\"elasticloadbalancing:SetIpAddressType\",\"elasticloadbalancing:SetSecurityGroups\",\"elasticloadbalancing:SetSubnets\",\"elasticloadbalancing:DeleteLoadBalancer\",\"elasticloadbalancing:ModifyTargetGroup\",\"elasticloadbalancing:ModifyTargetGroupAttributes\",\"elasticloadbalancing:DeleteTargetGroup\"],\"Condition\":{\"Null\":{\"aws:ResourceTag/elbv2.k8s.aws/cluster\":\"false\"}},\"Effect\":\"Allow\",\"Resource\":\"*\"},{\"Action\":[\"elasticloadbalancing:AddTags\"],\"Condition\":{\"Null\":{\"aws:RequestTag/elbv2.k8s.aws/cluster\":\"false\"},\"StringEquals\":{\"elasticloadbalancing:CreateAction\":[\"CreateTargetGroup\",\"CreateLoadBalancer\"]}},\"Effect\":\"Allow\",\"Resource\":[\"arn:aws:elasticloadbalancing:*:*:targetgroup/*/*\",\"arn:aws:elasticloadbalancing:*:*:loadbalancer/net/*/*\",\"arn:aws:elasticloadbalancing:*:*:loadbalancer/app/*/*\"]},{\"Action\":[\"elasticloadbalancing:RegisterTargets\",\"elasticloadbalancing:DeregisterTargets\"],\"Effect\":\"Allow\",\"Resource\":\"arn:aws:elasticloadbalancing:*:*:targetgroup/*/*\"},{\"Action\":[\"elasticloadbalancing:SetWebAcl\",\"elasticloadbalancing:ModifyListener\",\"elasticloadbalancing:AddListenerCertificates\",\"elasticloadbalancing:RemoveListenerCertificates\",\"elasticloadbalancing:ModifyRule\"],\"Effect\":\"Allow\",\"Resource\":\"*\"}],\"Version\":\"2012-10-17\"}",
            "policy_id": "ANPA442BO37NDAC4MVACL",
            "tags": {
              "Environment": "Development",
              "ManagedBy": "Terraform",
              "Project": "Robot-Shop-EKS"
            },
            "tags_all": {
              "Environment": "Development",
              "ManagedBy": "Terraform",
              "Owner": "DevOps-Team",
              "Project": "Robot-Shop-EKS"
            }
          },
          "sensitive_attributes": [],
          "identity_schema_version": 0,
          "private": "bnVsbA==",
          "dependencies": [
            "data.terraform_remote_state.eks"
          ]
        }
      ]
    },
    {
      "mode": "managed",
      "type": "aws_iam_role",
      "name": "aws_load_balancer_controller",
      "provider": "provider[\"registry.terraform.io/hashicorp/aws\"]",
      "instances": [
        {
          "schema_version": 0,
          "attributes": {
            "arn": "arn:aws:iam::886511165402:role/robot-shop-eks-cluster-aws-load-balancer-controller",
            "assume_role_policy": "{\"Statement\":[{\"Action\":\"sts:AssumeRoleWithWebIdentity\",\"Condition\":{\"StringEquals\":{\"oidc.eks.eu-central-1.amazonaws.com/id/A46C15DBC2EAAF6AB86C58435F166D94:aud\":\"sts.amazonaws.com\",\"oidc.eks.eu-central-1.amazonaws.com/id/A46C15DBC2EAAF6AB86C58435F166D94:sub\":\"system:serviceaccount:kube-system:aws-load-balancer-controller\"}},\"Effect\":\"Allow\",\"Principal\":{\"Federated\":\"arn:aws:iam::886511165402:oidc-provider/oidc.eks.eu-central-1.amazonaws.com/id/A46C15DBC2EAAF6AB86C58435F166D94\"}}],\"Version\":\"2012-10-17\"}",
            "create_date": "2025-12-03T12:44:40Z",
            "description": "",
            "force_detach_policies": false,
            "id": "robot-shop-eks-cluster-aws-load-balancer-controller",
            "inline_policy": [],
            "managed_policy_arns": [],
            "max_session_duration": 3600,
            "name": "robot-shop-eks-cluster-aws-load-balancer-controller",
            "name_prefix": "",
            "path": "/",
            "permissions_boundary": "",
            "tags": {
              "Environment": "Development",
              "ManagedBy": "Terraform",
              "Project": "Robot-Shop-EKS"
            },
            "tags_all": {
              "Environment": "Development",
              "ManagedBy": "Terraform",
              "Owner": "DevOps-Team",
              "Project": "Robot-Shop-EKS"
            },
            "unique_id": "AROA442BO37NHXVDDDADF"
          },
          "sensitive_attributes": [],
          "identity_schema_version": 0,
          "private": "bnVsbA==",
          "dependencies": [
            "data.aws_iam_policy_document.aws_load_balancer_controller_assume_role",
            "data.terraform_remote_state.eks"
          ]
        }
      ]
    },
    {
      "mode": "managed",
      "type": "aws_iam_role_policy_attachment",
      "name": "aws_load_balancer_controller",
      "provider": "provider[\"registry.terraform.io/hashicorp/aws\"]",
      "instances": [
        {
          "schema_version": 0,
          "attributes": {
            "id": "robot-shop-eks-cluster-aws-load-balancer-controller-20251203124443339900000001",
            "policy_arn": "arn:aws:iam::886511165402:policy/robot-shop-eks-cluster-aws-load-balancer-controller",
            "role": "robot-shop-eks-cluster-aws-load-balancer-controller"
          },
          "sensitive_attributes": [],
          "identity_schema_version": 0,
          "private": "bnVsbA==",
          "dependencies": [
            "aws_iam_policy.aws_load_balancer_controller",
            "aws_iam_role.aws_load_balancer_controller",
            "data.aws_iam_policy_document.aws_load_balancer_controller_assume_role",
            "data.terraform_remote_state.eks"
          ]
        }
      ]
    },
    {
      "mode": "managed",
      "type": "helm_release",
      "name": "aws_load_balancer_controller",
      "provider": "provider[\"registry.terraform.io/hashicorp/helm\"]",
      "instances": [
        {
          "schema_version": 1,
          "attributes": {
            "atomic": false,
            "chart": "aws-load-balancer-controller",
            "cleanup_on_fail": false,
            "create_namespace": false,
            "dependency_update": false,
            "description": null,
            "devel": null,
            "disable_crd_hooks": false,
            "disable_openapi_validation": false,
            "disable_webhooks": false,
            "force_update": false,
            "id": "aws-load-balancer-controller",
            "keyring": null,
            "lint": false,
            "manifest": null,
            "max_history": 0,
            "metadata": [
              {
                "app_version": "v2.6.2",
                "chart": "aws-load-balancer-controller",
                "first_deployed": 1764765900,
                "last_deployed": 1764765900,
                "name": "aws-load-balancer-controller",
                "namespace": "kube-system",
                "notes": "AWS Load Balancer controller installed!\n",
                "revision": 1,
                "values": "{\"clusterName\":\"robot-shop-eks-cluster\",\"region\":\"eu-central-1\",\"serviceAccount\":{\"annotations\":{\"eks.amazonaws.com/role-arn\":\"arn:aws:iam::886511165402:role/robot-shop-eks-cluster-aws-load-balancer-controller\"},\"create\":true,\"name\":\"aws-load-balancer-controller\"},\"vpcId\":\"vpc-0d4a801a4012c8438\"}",
                "version": "1.6.2"
              }
            ],
            "name": "aws-load-balancer-controller",
            "namespace": "kube-system",
            "pass_credentials": false,
            "postrender": [],
            "recreate_pods": false,
            "render_subchart_notes": true,
            "replace": false,
            "repository": "https://aws.github.io/eks-charts",
            "repository_ca_file": null,
            "repository_cert_file": null,
            "repository_key_file": null,
            "repository_password": null,
            "repository_username": null,
            "reset_values": false,
            "reuse_values": false,
            "set": [
              {
                "name": "clusterName",
                "type": "",
                "value": "robot-shop-eks-cluster"
              },
              {
                "name": "region",
                "type": "",
                "value": "eu-central-1"
              },
              {
                "name": "serviceAccount.annotations.eks\\.amazonaws\\.com/role-arn",
                "type": "",
                "value": "arn:aws:iam::886511165402:role/robot-shop-eks-cluster-aws-load-balancer-controller"
              },
              {
                "name": "serviceAccount.create",
                "type": "",
                "value": "true"
              },
              {
                "name": "serviceAccount.name",
                "type": "",
                "value": "aws-load-balancer-controller"
              },
              {
                "name": "vpcId",
                "type": "",
                "value": "vpc-0d4a801a4012c8438"
              }
            ],
            "set_list": [],
            "set_sensitive": [],
            "skip_crds": false,
            "status": "deployed",
            "timeout": 900,
            "upgrade_install": null,
            "values": null,
            "verify": false,
            "version": "1.6.2",
            "wait": true,
            "wait_for_jobs": true
          },
          "sensitive_attributes": [
            [
              {
                "type": "get_attr",
                "value": "repository_password"
              }
            ]
          ],
          "identity_schema_version": 0,
          "private": "eyJzY2hlbWFfdmVyc2lvbiI6IjEifQ==",
          "dependencies": [
            "aws_iam_policy.aws_load_balancer_controller",
            "aws_iam_role.aws_load_balancer_controller",
            "aws_iam_role_policy_attachment.aws_load_balancer_controller",
            "data.aws_iam_policy_document.aws_load_balancer_controller_assume_role",
            "data.terraform_remote_state.eks",
            "data.terraform_remote_state.vpc"
          ]
        }
      ]
    },
    {
      "mode": "managed",
      "type": "null_resource",
      "name": "wait_for_alb_controller",
      "provider": "provider[\"registry.terraform.io/hashicorp/null\"]",
      "instances": [
        {
          "schema_version": 0,
          "attributes": {
            "id": "6769515824006066173",
            "triggers": null
          },
          "sensitive_attributes": [],
          "identity_schema_version": 0,
          "dependencies": [
            "aws_iam_policy.aws_load_balancer_controller",
            "aws_iam_role.aws_load_balancer_controller",
            "aws_iam_role_policy_attachment.aws_load_balancer_controller",
            "data.aws_iam_policy_document.aws_load_balancer_controller_assume_role",
            "data.terraform_remote_state.eks",
            "data.terraform_remote_state.vpc",
            "helm_release.aws_load_balancer_controller"
          ]
        }
      ]
    }
  ],
  "check_results": null
}
